
Microsoft Visual Studio Solution File, Format Version 12.00
# Visual Studio Version 17
VisualStudioVersion = 17.13.35919.96
MinimumVisualStudioVersion = 10.0.40219.1
Project("{FAE04EC0-301F-11D3-BF4B-00C04F79EFBC}") = "Core.Platform", "Core.Platform\Core.Platform.csproj", "{678C10A1-06A9-4969-B1D4-8626A89B89D1}"
EndProject
Project("{2150E333-8FDC-42A3-9474-1A3956D46DE8}") = "3. Features", "3. Features", "{F5CFCA85-D00D-4457-BE53-B68F7E85DCA4}"
EndProject
Project("{2150E333-8FDC-42A3-9474-1A3956D46DE8}") = "1. Infrastructure", "1. Infrastructure", "{02EA681E-C7D8-13C7-8484-4AC65E1B71E8}"
EndProject
Project("{FAE04EC0-301F-11D3-BF4B-00C04F79EFBC}") = "Infrastructure", "Infrastructure\Infrastructure.csproj", "{FC512B7D-E6D4-4244-87CD-00488890AAAE}"
EndProject
Project("{2150E333-8FDC-42A3-9474-1A3956D46DE8}") = "2. Domain", "2. Domain", "{B403D575-ADD8-471C-81CE-E0EF0DC9A94C}"
EndProject
Project("{FAE04EC0-301F-11D3-BF4B-00C04F79EFBC}") = "Domain", "Domain\Domain.csproj", "{2BDF1386-7EA1-4F21-A307-CC276D5EB0DF}"
EndProject
Project("{FAE04EC0-301F-11D3-BF4B-00C04F79EFBC}") = "TimeSheetManagement", "TimeSheetManagement\TimeSheetManagement.csproj", "{99B74F82-95F2-414F-8DD2-BB61C1B5A7D4}"
EndProject
Project("{2150E333-8FDC-42A3-9474-1A3956D46DE8}") = "Tests", "Tests", "{0AB3BF05-4346-4AA6-1389-037BE0695223}"
EndProject
Project("{FAE04EC0-301F-11D3-BF4B-00C04F79EFBC}") = "TimeSheetManagement.Tests", "Tests\TimeSheetManagement.Tests\TimeSheetManagement.Tests.csproj", "{4F94BDEE-8A47-4F71-95DE-B253E4264031}"
EndProject
Project("{FAE04EC0-301F-11D3-BF4B-00C04F79EFBC}") = "SharedKernel", "SharedKernel\SharedKernel.csproj", "{4E653851-8301-4F58-A794-FAE756403DC8}"
EndProject
Project("{FAE04EC0-301F-11D3-BF4B-00C04F79EFBC}") = "BuildingBlocks", "BuildingBlocks\BuildingBlocks.csproj", "{8C016F34-28C0-4A53-A41B-018F08A0438C}"
EndProject
Project("{2150E333-8FDC-42A3-9474-1A3956D46DE8}") = "Modules", "Modules", "{CA253913-39DE-BFD0-C9A3-4B7EC6FBDF17}"
EndProject
Project("{FAE04EC0-301F-11D3-BF4B-00C04F79EFBC}") = "Auth", "Modules\Auth\Auth.csproj", "{E51B2A8A-6415-47E4-B055-D7D579D7D212}"
EndProject
Project("{FAE04EC0-301F-11D3-BF4B-00C04F79EFBC}") = "Student", "Modules\Student\Student.csproj", "{7191F768-D4A1-4B42-95E0-5D84B26E314A}"
EndProject
Project("{FAE04EC0-301F-11D3-BF4B-00C04F79EFBC}") = "Teacher", "Modules\Teacher\Teacher.csproj", "{FE50A9D6-87F1-44A2-8D92-8BCF773698F5}"
EndProject
Project("{FAE04EC0-301F-11D3-BF4B-00C04F79EFBC}") = "Classroom", "Modules\Classroom\Classroom.csproj", "{4F1FD34C-7183-480A-88F5-0F2B6E4D5106}"
EndProject
Project("{FAE04EC0-301F-11D3-BF4B-00C04F79EFBC}") = "Course", "Modules\Course\Course.csproj", "{8DB80641-6B17-44C4-A5EE-46BC8297F484}"
EndProject
Project("{FAE04EC0-301F-11D3-BF4B-00C04F79EFBC}") = "Timesheet", "Modules\Timesheet\Timesheet.csproj", "{C01B4358-CA25-47DE-91EE-8AF480682763}"
EndProject
Project("{FAE04EC0-301F-11D3-BF4B-00C04F79EFBC}") = "Payroll", "Modules\Payroll\Payroll.csproj", "{E65F5FC0-1AFB-433E-8471-0452E9C88DA2}"
EndProject
Project("{FAE04EC0-301F-11D3-BF4B-00C04F79EFBC}") = "Notification", "Modules\Notification\Notification.csproj", "{BED676AF-4E75-470A-8F4E-0D90220A6FD4}"
EndProject
Global
	GlobalSection(SolutionConfigurationPlatforms) = preSolution
		Debug|Any CPU = Debug|Any CPU
		Debug|x64 = Debug|x64
		Debug|x86 = Debug|x86
		Release|Any CPU = Release|Any CPU
		Release|x64 = Release|x64
		Release|x86 = Release|x86
	EndGlobalSection
	GlobalSection(ProjectConfigurationPlatforms) = postSolution
		{678C10A1-06A9-4969-B1D4-8626A89B89D1}.Debug|Any CPU.ActiveCfg = Debug|Any CPU
		{678C10A1-06A9-4969-B1D4-8626A89B89D1}.Debug|Any CPU.Build.0 = Debug|Any CPU
		{678C10A1-06A9-4969-B1D4-8626A89B89D1}.Debug|x64.ActiveCfg = Debug|Any CPU
		{678C10A1-06A9-4969-B1D4-8626A89B89D1}.Debug|x64.Build.0 = Debug|Any CPU
		{678C10A1-06A9-4969-B1D4-8626A89B89D1}.Debug|x86.ActiveCfg = Debug|Any CPU
		{678C10A1-06A9-4969-B1D4-8626A89B89D1}.Debug|x86.Build.0 = Debug|Any CPU
		{678C10A1-06A9-4969-B1D4-8626A89B89D1}.Release|Any CPU.ActiveCfg = Release|Any CPU
		{678C10A1-06A9-4969-B1D4-8626A89B89D1}.Release|Any CPU.Build.0 = Release|Any CPU
		{678C10A1-06A9-4969-B1D4-8626A89B89D1}.Release|x64.ActiveCfg = Release|Any CPU
		{678C10A1-06A9-4969-B1D4-8626A89B89D1}.Release|x64.Build.0 = Release|Any CPU
		{678C10A1-06A9-4969-B1D4-8626A89B89D1}.Release|x86.ActiveCfg = Release|Any CPU
		{678C10A1-06A9-4969-B1D4-8626A89B89D1}.Release|x86.Build.0 = Release|Any CPU
		{FC512B7D-E6D4-4244-87CD-00488890AAAE}.Debug|Any CPU.ActiveCfg = Debug|Any CPU
		{FC512B7D-E6D4-4244-87CD-00488890AAAE}.Debug|Any CPU.Build.0 = Debug|Any CPU
		{FC512B7D-E6D4-4244-87CD-00488890AAAE}.Debug|x64.ActiveCfg = Debug|Any CPU
		{FC512B7D-E6D4-4244-87CD-00488890AAAE}.Debug|x64.Build.0 = Debug|Any CPU
		{FC512B7D-E6D4-4244-87CD-00488890AAAE}.Debug|x86.ActiveCfg = Debug|Any CPU
		{FC512B7D-E6D4-4244-87CD-00488890AAAE}.Debug|x86.Build.0 = Debug|Any CPU
		{FC512B7D-E6D4-4244-87CD-00488890AAAE}.Release|Any CPU.ActiveCfg = Release|Any CPU
		{FC512B7D-E6D4-4244-87CD-00488890AAAE}.Release|Any CPU.Build.0 = Release|Any CPU
		{FC512B7D-E6D4-4244-87CD-00488890AAAE}.Release|x64.ActiveCfg = Release|Any CPU
		{FC512B7D-E6D4-4244-87CD-00488890AAAE}.Release|x64.Build.0 = Release|Any CPU
		{FC512B7D-E6D4-4244-87CD-00488890AAAE}.Release|x86.ActiveCfg = Release|Any CPU
		{FC512B7D-E6D4-4244-87CD-00488890AAAE}.Release|x86.Build.0 = Release|Any CPU
		{2BDF1386-7EA1-4F21-A307-CC276D5EB0DF}.Debug|Any CPU.ActiveCfg = Debug|Any CPU
		{2BDF1386-7EA1-4F21-A307-CC276D5EB0DF}.Debug|Any CPU.Build.0 = Debug|Any CPU
		{2BDF1386-7EA1-4F21-A307-CC276D5EB0DF}.Debug|x64.ActiveCfg = Debug|Any CPU
		{2BDF1386-7EA1-4F21-A307-CC276D5EB0DF}.Debug|x64.Build.0 = Debug|Any CPU
		{2BDF1386-7EA1-4F21-A307-CC276D5EB0DF}.Debug|x86.ActiveCfg = Debug|Any CPU
		{2BDF1386-7EA1-4F21-A307-CC276D5EB0DF}.Debug|x86.Build.0 = Debug|Any CPU
		{2BDF1386-7EA1-4F21-A307-CC276D5EB0DF}.Release|Any CPU.ActiveCfg = Release|Any CPU
		{2BDF1386-7EA1-4F21-A307-CC276D5EB0DF}.Release|Any CPU.Build.0 = Release|Any CPU
		{2BDF1386-7EA1-4F21-A307-CC276D5EB0DF}.Release|x64.ActiveCfg = Release|Any CPU
		{2BDF1386-7EA1-4F21-A307-CC276D5EB0DF}.Release|x64.Build.0 = Release|Any CPU
		{2BDF1386-7EA1-4F21-A307-CC276D5EB0DF}.Release|x86.ActiveCfg = Release|Any CPU
		{2BDF1386-7EA1-4F21-A307-CC276D5EB0DF}.Release|x86.Build.0 = Release|Any CPU
		{99B74F82-95F2-414F-8DD2-BB61C1B5A7D4}.Debug|Any CPU.ActiveCfg = Debug|Any CPU
		{99B74F82-95F2-414F-8DD2-BB61C1B5A7D4}.Debug|Any CPU.Build.0 = Debug|Any CPU
		{99B74F82-95F2-414F-8DD2-BB61C1B5A7D4}.Debug|x64.ActiveCfg = Debug|Any CPU
		{99B74F82-95F2-414F-8DD2-BB61C1B5A7D4}.Debug|x64.Build.0 = Debug|Any CPU
		{99B74F82-95F2-414F-8DD2-BB61C1B5A7D4}.Debug|x86.ActiveCfg = Debug|Any CPU
		{99B74F82-95F2-414F-8DD2-BB61C1B5A7D4}.Debug|x86.Build.0 = Debug|Any CPU
		{99B74F82-95F2-414F-8DD2-BB61C1B5A7D4}.Release|Any CPU.ActiveCfg = Release|Any CPU
		{99B74F82-95F2-414F-8DD2-BB61C1B5A7D4}.Release|Any CPU.Build.0 = Release|Any CPU
		{99B74F82-95F2-414F-8DD2-BB61C1B5A7D4}.Release|x64.ActiveCfg = Release|Any CPU
		{99B74F82-95F2-414F-8DD2-BB61C1B5A7D4}.Release|x64.Build.0 = Release|Any CPU
		{99B74F82-95F2-414F-8DD2-BB61C1B5A7D4}.Release|x86.ActiveCfg = Release|Any CPU
		{99B74F82-95F2-414F-8DD2-BB61C1B5A7D4}.Release|x86.Build.0 = Release|Any CPU
		{4F94BDEE-8A47-4F71-95DE-B253E4264031}.Debug|Any CPU.ActiveCfg = Debug|Any CPU
		{4F94BDEE-8A47-4F71-95DE-B253E4264031}.Debug|Any CPU.Build.0 = Debug|Any CPU
		{4F94BDEE-8A47-4F71-95DE-B253E4264031}.Debug|x64.ActiveCfg = Debug|Any CPU
		{4F94BDEE-8A47-4F71-95DE-B253E4264031}.Debug|x64.Build.0 = Debug|Any CPU
		{4F94BDEE-8A47-4F71-95DE-B253E4264031}.Debug|x86.ActiveCfg = Debug|Any CPU
		{4F94BDEE-8A47-4F71-95DE-B253E4264031}.Debug|x86.Build.0 = Debug|Any CPU
		{4F94BDEE-8A47-4F71-95DE-B253E4264031}.Release|Any CPU.ActiveCfg = Release|Any CPU
		{4F94BDEE-8A47-4F71-95DE-B253E4264031}.Release|Any CPU.Build.0 = Release|Any CPU
		{4F94BDEE-8A47-4F71-95DE-B253E4264031}.Release|x64.ActiveCfg = Release|Any CPU
		{4F94BDEE-8A47-4F71-95DE-B253E4264031}.Release|x64.Build.0 = Release|Any CPU
		{4F94BDEE-8A47-4F71-95DE-B253E4264031}.Release|x86.ActiveCfg = Release|Any CPU
		{4F94BDEE-8A47-4F71-95DE-B253E4264031}.Release|x86.Build.0 = Release|Any CPU
		{4E653851-8301-4F58-A794-FAE756403DC8}.Debug|Any CPU.ActiveCfg = Debug|Any CPU
		{4E653851-8301-4F58-A794-FAE756403DC8}.Debug|Any CPU.Build.0 = Debug|Any CPU
		{4E653851-8301-4F58-A794-FAE756403DC8}.Debug|x64.ActiveCfg = Debug|Any CPU
		{4E653851-8301-4F58-A794-FAE756403DC8}.Debug|x64.Build.0 = Debug|Any CPU
		{4E653851-8301-4F58-A794-FAE756403DC8}.Debug|x86.ActiveCfg = Debug|Any CPU
		{4E653851-8301-4F58-A794-FAE756403DC8}.Debug|x86.Build.0 = Debug|Any CPU
		{4E653851-8301-4F58-A794-FAE756403DC8}.Release|Any CPU.ActiveCfg = Release|Any CPU
		{4E653851-8301-4F58-A794-FAE756403DC8}.Release|Any CPU.Build.0 = Release|Any CPU
		{4E653851-8301-4F58-A794-FAE756403DC8}.Release|x64.ActiveCfg = Release|Any CPU
		{4E653851-8301-4F58-A794-FAE756403DC8}.Release|x64.Build.0 = Release|Any CPU
		{4E653851-8301-4F58-A794-FAE756403DC8}.Release|x86.ActiveCfg = Release|Any CPU
		{4E653851-8301-4F58-A794-FAE756403DC8}.Release|x86.Build.0 = Release|Any CPU
		{8C016F34-28C0-4A53-A41B-018F08A0438C}.Debug|Any CPU.ActiveCfg = Debug|Any CPU
		{8C016F34-28C0-4A53-A41B-018F08A0438C}.Debug|Any CPU.Build.0 = Debug|Any CPU
		{8C016F34-28C0-4A53-A41B-018F08A0438C}.Debug|x64.ActiveCfg = Debug|Any CPU
		{8C016F34-28C0-4A53-A41B-018F08A0438C}.Debug|x64.Build.0 = Debug|Any CPU
		{8C016F34-28C0-4A53-A41B-018F08A0438C}.Debug|x86.ActiveCfg = Debug|Any CPU
		{8C016F34-28C0-4A53-A41B-018F08A0438C}.Debug|x86.Build.0 = Debug|Any CPU
		{8C016F34-28C0-4A53-A41B-018F08A0438C}.Release|Any CPU.ActiveCfg = Release|Any CPU
		{8C016F34-28C0-4A53-A41B-018F08A0438C}.Release|Any CPU.Build.0 = Release|Any CPU
		{8C016F34-28C0-4A53-A41B-018F08A0438C}.Release|x64.ActiveCfg = Release|Any CPU
		{8C016F34-28C0-4A53-A41B-018F08A0438C}.Release|x64.Build.0 = Release|Any CPU
		{8C016F34-28C0-4A53-A41B-018F08A0438C}.Release|x86.ActiveCfg = Release|Any CPU
		{8C016F34-28C0-4A53-A41B-018F08A0438C}.Release|x86.Build.0 = Release|Any CPU
		{E51B2A8A-6415-47E4-B055-D7D579D7D212}.Debug|Any CPU.ActiveCfg = Debug|Any CPU
		{E51B2A8A-6415-47E4-B055-D7D579D7D212}.Debug|Any CPU.Build.0 = Debug|Any CPU
		{E51B2A8A-6415-47E4-B055-D7D579D7D212}.Debug|x64.ActiveCfg = Debug|Any CPU
		{E51B2A8A-6415-47E4-B055-D7D579D7D212}.Debug|x64.Build.0 = Debug|Any CPU
		{E51B2A8A-6415-47E4-B055-D7D579D7D212}.Debug|x86.ActiveCfg = Debug|Any CPU
		{E51B2A8A-6415-47E4-B055-D7D579D7D212}.Debug|x86.Build.0 = Debug|Any CPU
		{E51B2A8A-6415-47E4-B055-D7D579D7D212}.Release|Any CPU.ActiveCfg = Release|Any CPU
		{E51B2A8A-6415-47E4-B055-D7D579D7D212}.Release|Any CPU.Build.0 = Release|Any CPU
		{E51B2A8A-6415-47E4-B055-D7D579D7D212}.Release|x64.ActiveCfg = Release|Any CPU
		{E51B2A8A-6415-47E4-B055-D7D579D7D212}.Release|x64.Build.0 = Release|Any CPU
		{E51B2A8A-6415-47E4-B055-D7D579D7D212}.Release|x86.ActiveCfg = Release|Any CPU
		{E51B2A8A-6415-47E4-B055-D7D579D7D212}.Release|x86.Build.0 = Release|Any CPU
		{7191F768-D4A1-4B42-95E0-5D84B26E314A}.Debug|Any CPU.ActiveCfg = Debug|Any CPU
		{7191F768-D4A1-4B42-95E0-5D84B26E314A}.Debug|Any CPU.Build.0 = Debug|Any CPU
		{7191F768-D4A1-4B42-95E0-5D84B26E314A}.Debug|x64.ActiveCfg = Debug|Any CPU
		{7191F768-D4A1-4B42-95E0-5D84B26E314A}.Debug|x64.Build.0 = Debug|Any CPU
		{7191F768-D4A1-4B42-95E0-5D84B26E314A}.Debug|x86.ActiveCfg = Debug|Any CPU
		{7191F768-D4A1-4B42-95E0-5D84B26E314A}.Debug|x86.Build.0 = Debug|Any CPU
		{7191F768-D4A1-4B42-95E0-5D84B26E314A}.Release|Any CPU.ActiveCfg = Release|Any CPU
		{7191F768-D4A1-4B42-95E0-5D84B26E314A}.Release|Any CPU.Build.0 = Release|Any CPU
		{7191F768-D4A1-4B42-95E0-5D84B26E314A}.Release|x64.ActiveCfg = Release|Any CPU
		{7191F768-D4A1-4B42-95E0-5D84B26E314A}.Release|x64.Build.0 = Release|Any CPU
		{7191F768-D4A1-4B42-95E0-5D84B26E314A}.Release|x86.ActiveCfg = Release|Any CPU
		{7191F768-D4A1-4B42-95E0-5D84B26E314A}.Release|x86.Build.0 = Release|Any CPU
		{FE50A9D6-87F1-44A2-8D92-8BCF773698F5}.Debug|Any CPU.ActiveCfg = Debug|Any CPU
		{FE50A9D6-87F1-44A2-8D92-8BCF773698F5}.Debug|Any CPU.Build.0 = Debug|Any CPU
		{FE50A9D6-87F1-44A2-8D92-8BCF773698F5}.Debug|x64.ActiveCfg = Debug|Any CPU
		{FE50A9D6-87F1-44A2-8D92-8BCF773698F5}.Debug|x64.Build.0 = Debug|Any CPU
		{FE50A9D6-87F1-44A2-8D92-8BCF773698F5}.Debug|x86.ActiveCfg = Debug|Any CPU
		{FE50A9D6-87F1-44A2-8D92-8BCF773698F5}.Debug|x86.Build.0 = Debug|Any CPU
		{FE50A9D6-87F1-44A2-8D92-8BCF773698F5}.Release|Any CPU.ActiveCfg = Release|Any CPU
		{FE50A9D6-87F1-44A2-8D92-8BCF773698F5}.Release|Any CPU.Build.0 = Release|Any CPU
		{FE50A9D6-87F1-44A2-8D92-8BCF773698F5}.Release|x64.ActiveCfg = Release|Any CPU
		{FE50A9D6-87F1-44A2-8D92-8BCF773698F5}.Release|x64.Build.0 = Release|Any CPU
		{FE50A9D6-87F1-44A2-8D92-8BCF773698F5}.Release|x86.ActiveCfg = Release|Any CPU
		{FE50A9D6-87F1-44A2-8D92-8BCF773698F5}.Release|x86.Build.0 = Release|Any CPU
		{4F1FD34C-7183-480A-88F5-0F2B6E4D5106}.Debug|Any CPU.ActiveCfg = Debug|Any CPU
		{4F1FD34C-7183-480A-88F5-0F2B6E4D5106}.Debug|Any CPU.Build.0 = Debug|Any CPU
		{4F1FD34C-7183-480A-88F5-0F2B6E4D5106}.Debug|x64.ActiveCfg = Debug|Any CPU
		{4F1FD34C-7183-480A-88F5-0F2B6E4D5106}.Debug|x64.Build.0 = Debug|Any CPU
		{4F1FD34C-7183-480A-88F5-0F2B6E4D5106}.Debug|x86.ActiveCfg = Debug|Any CPU
		{4F1FD34C-7183-480A-88F5-0F2B6E4D5106}.Debug|x86.Build.0 = Debug|Any CPU
		{4F1FD34C-7183-480A-88F5-0F2B6E4D5106}.Release|Any CPU.ActiveCfg = Release|Any CPU
		{4F1FD34C-7183-480A-88F5-0F2B6E4D5106}.Release|Any CPU.Build.0 = Release|Any CPU
		{4F1FD34C-7183-480A-88F5-0F2B6E4D5106}.Release|x64.ActiveCfg = Release|Any CPU
		{4F1FD34C-7183-480A-88F5-0F2B6E4D5106}.Release|x64.Build.0 = Release|Any CPU
		{4F1FD34C-7183-480A-88F5-0F2B6E4D5106}.Release|x86.ActiveCfg = Release|Any CPU
		{4F1FD34C-7183-480A-88F5-0F2B6E4D5106}.Release|x86.Build.0 = Release|Any CPU
		{8DB80641-6B17-44C4-A5EE-46BC8297F484}.Debug|Any CPU.ActiveCfg = Debug|Any CPU
		{8DB80641-6B17-44C4-A5EE-46BC8297F484}.Debug|Any CPU.Build.0 = Debug|Any CPU
		{8DB80641-6B17-44C4-A5EE-46BC8297F484}.Debug|x64.ActiveCfg = Debug|Any CPU
		{8DB80641-6B17-44C4-A5EE-46BC8297F484}.Debug|x64.Build.0 = Debug|Any CPU
		{8DB80641-6B17-44C4-A5EE-46BC8297F484}.Debug|x86.ActiveCfg = Debug|Any CPU
		{8DB80641-6B17-44C4-A5EE-46BC8297F484}.Debug|x86.Build.0 = Debug|Any CPU
		{8DB80641-6B17-44C4-A5EE-46BC8297F484}.Release|Any CPU.ActiveCfg = Release|Any CPU
		{8DB80641-6B17-44C4-A5EE-46BC8297F484}.Release|Any CPU.Build.0 = Release|Any CPU
		{8DB80641-6B17-44C4-A5EE-46BC8297F484}.Release|x64.ActiveCfg = Release|Any CPU
		{8DB80641-6B17-44C4-A5EE-46BC8297F484}.Release|x64.Build.0 = Release|Any CPU
		{8DB80641-6B17-44C4-A5EE-46BC8297F484}.Release|x86.ActiveCfg = Release|Any CPU
		{8DB80641-6B17-44C4-A5EE-46BC8297F484}.Release|x86.Build.0 = Release|Any CPU
		{C01B4358-CA25-47DE-91EE-8AF480682763}.Debug|Any CPU.ActiveCfg = Debug|Any CPU
		{C01B4358-CA25-47DE-91EE-8AF480682763}.Debug|Any CPU.Build.0 = Debug|Any CPU
		{C01B4358-CA25-47DE-91EE-8AF480682763}.Debug|x64.ActiveCfg = Debug|Any CPU
		{C01B4358-CA25-47DE-91EE-8AF480682763}.Debug|x64.Build.0 = Debug|Any CPU
		{C01B4358-CA25-47DE-91EE-8AF480682763}.Debug|x86.ActiveCfg = Debug|Any CPU
		{C01B4358-CA25-47DE-91EE-8AF480682763}.Debug|x86.Build.0 = Debug|Any CPU
		{C01B4358-CA25-47DE-91EE-8AF480682763}.Release|Any CPU.ActiveCfg = Release|Any CPU
		{C01B4358-CA25-47DE-91EE-8AF480682763}.Release|Any CPU.Build.0 = Release|Any CPU
		{C01B4358-CA25-47DE-91EE-8AF480682763}.Release|x64.ActiveCfg = Release|Any CPU
		{C01B4358-CA25-47DE-91EE-8AF480682763}.Release|x64.Build.0 = Release|Any CPU
		{C01B4358-CA25-47DE-91EE-8AF480682763}.Release|x86.ActiveCfg = Release|Any CPU
		{C01B4358-CA25-47DE-91EE-8AF480682763}.Release|x86.Build.0 = Release|Any CPU
		{E65F5FC0-1AFB-433E-8471-0452E9C88DA2}.Debug|Any CPU.ActiveCfg = Debug|Any CPU
		{E65F5FC0-1AFB-433E-8471-0452E9C88DA2}.Debug|Any CPU.Build.0 = Debug|Any CPU
		{E65F5FC0-1AFB-433E-8471-0452E9C88DA2}.Debug|x64.ActiveCfg = Debug|Any CPU
		{E65F5FC0-1AFB-433E-8471-0452E9C88DA2}.Debug|x64.Build.0 = Debug|Any CPU
		{E65F5FC0-1AFB-433E-8471-0452E9C88DA2}.Debug|x86.ActiveCfg = Debug|Any CPU
		{E65F5FC0-1AFB-433E-8471-0452E9C88DA2}.Debug|x86.Build.0 = Debug|Any CPU
		{E65F5FC0-1AFB-433E-8471-0452E9C88DA2}.Release|Any CPU.ActiveCfg = Release|Any CPU
		{E65F5FC0-1AFB-433E-8471-0452E9C88DA2}.Release|Any CPU.Build.0 = Release|Any CPU
		{E65F5FC0-1AFB-433E-8471-0452E9C88DA2}.Release|x64.ActiveCfg = Release|Any CPU
		{E65F5FC0-1AFB-433E-8471-0452E9C88DA2}.Release|x64.Build.0 = Release|Any CPU
		{E65F5FC0-1AFB-433E-8471-0452E9C88DA2}.Release|x86.ActiveCfg = Release|Any CPU
		{E65F5FC0-1AFB-433E-8471-0452E9C88DA2}.Release|x86.Build.0 = Release|Any CPU
		{BED676AF-4E75-470A-8F4E-0D90220A6FD4}.Debug|Any CPU.ActiveCfg = Debug|Any CPU
		{BED676AF-4E75-470A-8F4E-0D90220A6FD4}.Debug|Any CPU.Build.0 = Debug|Any CPU
		{BED676AF-4E75-470A-8F4E-0D90220A6FD4}.Debug|x64.ActiveCfg = Debug|Any CPU
		{BED676AF-4E75-470A-8F4E-0D90220A6FD4}.Debug|x64.Build.0 = Debug|Any CPU
		{BED676AF-4E75-470A-8F4E-0D90220A6FD4}.Debug|x86.ActiveCfg = Debug|Any CPU
		{BED676AF-4E75-470A-8F4E-0D90220A6FD4}.Debug|x86.Build.0 = Debug|Any CPU
		{BED676AF-4E75-470A-8F4E-0D90220A6FD4}.Release|Any CPU.ActiveCfg = Release|Any CPU
		{BED676AF-4E75-470A-8F4E-0D90220A6FD4}.Release|Any CPU.Build.0 = Release|Any CPU
		{BED676AF-4E75-470A-8F4E-0D90220A6FD4}.Release|x64.ActiveCfg = Release|Any CPU
		{BED676AF-4E75-470A-8F4E-0D90220A6FD4}.Release|x64.Build.0 = Release|Any CPU
		{BED676AF-4E75-470A-8F4E-0D90220A6FD4}.Release|x86.ActiveCfg = Release|Any CPU
		{BED676AF-4E75-470A-8F4E-0D90220A6FD4}.Release|x86.Build.0 = Release|Any CPU
	EndGlobalSection
	GlobalSection(SolutionProperties) = preSolution
		HideSolutionNode = FALSE
	EndGlobalSection
	GlobalSection(NestedProjects) = preSolution
		{FC512B7D-E6D4-4244-87CD-00488890AAAE} = {02EA681E-C7D8-13C7-8484-4AC65E1B71E8}
		{2BDF1386-7EA1-4F21-A307-CC276D5EB0DF} = {B403D575-ADD8-471C-81CE-E0EF0DC9A94C}
		{99B74F82-95F2-414F-8DD2-BB61C1B5A7D4} = {F5CFCA85-D00D-4457-BE53-B68F7E85DCA4}
		{4F94BDEE-8A47-4F71-95DE-B253E4264031} = {0AB3BF05-4346-4AA6-1389-037BE0695223}
		{E51B2A8A-6415-47E4-B055-D7D579D7D212} = {CA253913-39DE-BFD0-C9A3-4B7EC6FBDF17}
		{7191F768-D4A1-4B42-95E0-5D84B26E314A} = {CA253913-39DE-BFD0-C9A3-4B7EC6FBDF17}
		{FE50A9D6-87F1-44A2-8D92-8BCF773698F5} = {CA253913-39DE-BFD0-C9A3-4B7EC6FBDF17}
		{4F1FD34C-7183-480A-88F5-0F2B6E4D5106} = {CA253913-39DE-BFD0-C9A3-4B7EC6FBDF17}
		{8DB80641-6B17-44C4-A5EE-46BC8297F484} = {CA253913-39DE-BFD0-C9A3-4B7EC6FBDF17}
		{C01B4358-CA25-47DE-91EE-8AF480682763} = {CA253913-39DE-BFD0-C9A3-4B7EC6FBDF17}
		{E65F5FC0-1AFB-433E-8471-0452E9C88DA2} = {CA253913-39DE-BFD0-C9A3-4B7EC6FBDF17}
		{BED676AF-4E75-470A-8F4E-0D90220A6FD4} = {CA253913-39DE-BFD0-C9A3-4B7EC6FBDF17}
	EndGlobalSection
	GlobalSection(ExtensibilityGlobals) = postSolution
		SolutionGuid = {322098EA-4282-4C41-97F9-ABBF3CD11A40}
	EndGlobalSection
EndGlobal
